Microsoft Visual Studio Solution File, Format Version 12.00
# Visual Studio Version 16
VisualStudioVersion = 16.0.28315.86
MinimumVisualStudioVersion = 10.0.40219.1
Project("{2150E333-8FDC-42A3-9474-1A3956D46DE8}") = "Flax", "Flax", "{51585317-C076-4ECF-ADF1-60F47C4342FB}"
EndProject
Project("{8BC9CEB8-8B4A-11D0-8D11-00A0C91BC942}") = "VoxelPlugin", "Cache\Projects\VoxelPlugin.vcxproj", "{8D621EB6-8672-4500-BA76-437A380B2A4A}"
EndProject
Project("{FAE04EC0-301F-11D3-BF4B-00C04F79EFBC}") = "Voxels", "Source\Voxels.csproj", "{2EC490F9-A054-4712-9639-6BB541DB17D0}"
EndProject
Project("{8BC9CEB8-8B4A-11D0-8D11-00A0C91BC942}") = "Flax", "Cache\Projects\Flax.vcxproj", "{A4AB2BC3-C579-49B8-B33A-C5495BA49E93}"
EndProject
Project("{FAE04EC0-301F-11D3-BF4B-00C04F79EFBC}") = "BuildScripts", "Cache\Projects\BuildScripts.csproj", "{DE6FEA6B-0786-4B97-9BAF-D56C2526F77F}"
EndProject
Global
	GlobalSection(SolutionConfigurationPlatforms) = preSolution
		Debug|Any CPU = Debug|Any CPU
		Debug|UWP_x64 = Debug|UWP_x64
		Debug|Win32 = Debug|Win32
		Debug|Win64 = Debug|Win64
		Debug|XboxOne = Debug|XboxOne
		Editor.Debug|Any CPU = Editor.Debug|Any CPU
		Editor.Debug|UWP_x64 = Editor.Debug|UWP_x64
		Editor.Debug|Win32 = Editor.Debug|Win32
		Editor.Debug|Win64 = Editor.Debug|Win64
		Editor.Debug|XboxOne = Editor.Debug|XboxOne
		Editor.Development|Any CPU = Editor.Development|Any CPU
		Editor.Development|UWP_x64 = Editor.Development|UWP_x64
		Editor.Development|Win32 = Editor.Development|Win32
		Editor.Development|Win64 = Editor.Development|Win64
		Editor.Development|XboxOne = Editor.Development|XboxOne
		Editor.Release|Any CPU = Editor.Release|Any CPU
		Editor.Release|UWP_x64 = Editor.Release|UWP_x64
		Editor.Release|Win32 = Editor.Release|Win32
		Editor.Release|Win64 = Editor.Release|Win64
		Editor.Release|XboxOne = Editor.Release|XboxOne
		Game.Debug|Any CPU = Game.Debug|Any CPU
		Game.Debug|UWP_x64 = Game.Debug|UWP_x64
		Game.Debug|Win32 = Game.Debug|Win32
		Game.Debug|Win64 = Game.Debug|Win64
		Game.Debug|XboxOne = Game.Debug|XboxOne
		Game.Development|Any CPU = Game.Development|Any CPU
		Game.Development|UWP_x64 = Game.Development|UWP_x64
		Game.Development|Win32 = Game.Development|Win32
		Game.Development|Win64 = Game.Development|Win64
		Game.Development|XboxOne = Game.Development|XboxOne
		Game.Release|Any CPU = Game.Release|Any CPU
		Game.Release|UWP_x64 = Game.Release|UWP_x64
		Game.Release|Win32 = Game.Release|Win32
		Game.Release|Win64 = Game.Release|Win64
		Game.Release|XboxOne = Game.Release|XboxOne
	EndGlobalSection
	GlobalSection(ProjectConfigurationPlatforms) = postSolution
		{8D621EB6-8672-4500-BA76-437A380B2A4A}.Debug|Any CPU.ActiveCfg = Editor.Windows.Debug|x64
		{8D621EB6-8672-4500-BA76-437A380B2A4A}.Debug|UWP_x64.ActiveCfg = Game.UWP.Debug|x64
		{8D621EB6-8672-4500-BA76-437A380B2A4A}.Debug|Win32.ActiveCfg = Game.Windows.Debug|Win32
		{8D621EB6-8672-4500-BA76-437A380B2A4A}.Debug|Win64.ActiveCfg = Editor.Windows.Debug|x64
		{8D621EB6-8672-4500-BA76-437A380B2A4A}.Debug|XboxOne.ActiveCfg = Game.XboxOne.Debug|x64
		{8D621EB6-8672-4500-BA76-437A380B2A4A}.Editor.Debug|Any CPU.ActiveCfg = Editor.Windows.Debug|x64
		{8D621EB6-8672-4500-BA76-437A380B2A4A}.Editor.Debug|UWP_x64.ActiveCfg = Game.UWP.Debug|x64
		{8D621EB6-8672-4500-BA76-437A380B2A4A}.Editor.Debug|Win32.ActiveCfg = Game.Windows.Debug|Win32
		{8D621EB6-8672-4500-BA76-437A380B2A4A}.Editor.Debug|Win64.ActiveCfg = Editor.Windows.Debug|x64
		{8D621EB6-8672-4500-BA76-437A380B2A4A}.Editor.Debug|Win64.Build.0 = Editor.Windows.Debug|x64
		{8D621EB6-8672-4500-BA76-437A380B2A4A}.Editor.Debug|XboxOne.ActiveCfg = Game.XboxOne.Debug|x64
		{8D621EB6-8672-4500-BA76-437A380B2A4A}.Editor.Development|Any CPU.ActiveCfg = Editor.Windows.Debug|x64
		{8D621EB6-8672-4500-BA76-437A380B2A4A}.Editor.Development|UWP_x64.ActiveCfg = Game.UWP.Debug|x64
		{8D621EB6-8672-4500-BA76-437A380B2A4A}.Editor.Development|Win32.ActiveCfg = Game.Windows.Debug|Win32
		{8D621EB6-8672-4500-BA76-437A380B2A4A}.Editor.Development|Win64.ActiveCfg = Editor.Windows.Development|x64
		{8D621EB6-8672-4500-BA76-437A380B2A4A}.Editor.Development|Win64.Build.0 = Editor.Windows.Development|x64
		{8D621EB6-8672-4500-BA76-437A380B2A4A}.Editor.Development|XboxOne.ActiveCfg = Game.XboxOne.Debug|x64
		{8D621EB6-8672-4500-BA76-437A380B2A4A}.Editor.Release|Any CPU.ActiveCfg = Editor.Windows.Debug|x64
		{8D621EB6-8672-4500-BA76-437A380B2A4A}.Editor.Release|UWP_x64.ActiveCfg = Game.UWP.Debug|x64
		{8D621EB6-8672-4500-BA76-437A380B2A4A}.Editor.Release|Win32.ActiveCfg = Game.Windows.Debug|Win32
		{8D621EB6-8672-4500-BA76-437A380B2A4A}.Editor.Release|Win64.ActiveCfg = Editor.Windows.Release|x64
		{8D621EB6-8672-4500-BA76-437A380B2A4A}.Editor.Release|Win64.Build.0 = Editor.Windows.Release|x64
		{8D621EB6-8672-4500-BA76-437A380B2A4A}.Editor.Release|XboxOne.ActiveCfg = Game.XboxOne.Debug|x64
		{8D621EB6-8672-4500-BA76-437A380B2A4A}.Game.Debug|Any CPU.ActiveCfg = Editor.Windows.Debug|x64
		{8D621EB6-8672-4500-BA76-437A380B2A4A}.Game.Debug|UWP_x64.ActiveCfg = Game.UWP.Debug|x64
		{8D621EB6-8672-4500-BA76-437A380B2A4A}.Game.Debug|UWP_x64.Build.0 = Game.UWP.Debug|x64
		{8D621EB6-8672-4500-BA76-437A380B2A4A}.Game.Debug|Win32.ActiveCfg = Game.Windows.Debug|Win32
		{8D621EB6-8672-4500-BA76-437A380B2A4A}.Game.Debug|Win32.Build.0 = Game.Windows.Debug|Win32
		{8D621EB6-8672-4500-BA76-437A380B2A4A}.Game.Debug|Win64.ActiveCfg = Game.Windows.Debug|x64
		{8D621EB6-8672-4500-BA76-437A380B2A4A}.Game.Debug|Win64.Build.0 = Game.Windows.Debug|x64
		{8D621EB6-8672-4500-BA76-437A380B2A4A}.Game.Debug|XboxOne.ActiveCfg = Game.XboxOne.Debug|x64
		{8D621EB6-8672-4500-BA76-437A380B2A4A}.Game.Debug|XboxOne.Build.0 = Game.XboxOne.Debug|x64
		{8D621EB6-8672-4500-BA76-437A380B2A4A}.Game.Development|Any CPU.ActiveCfg = Editor.Windows.Debug|x64
		{8D621EB6-8672-4500-BA76-437A380B2A4A}.Game.Development|UWP_x64.ActiveCfg = Game.UWP.Development|x64
		{8D621EB6-8672-4500-BA76-437A380B2A4A}.Game.Development|UWP_x64.Build.0 = Game.UWP.Development|x64
		{8D621EB6-8672-4500-BA76-437A380B2A4A}.Game.Development|Win32.ActiveCfg = Game.Windows.Development|Win32
		{8D621EB6-8672-4500-BA76-437A380B2A4A}.Game.Development|Win32.Build.0 = Game.Windows.Development|Win32
		{8D621EB6-8672-4500-BA76-437A380B2A4A}.Game.Development|Win64.ActiveCfg = Game.Windows.Development|x64
		{8D621EB6-8672-4500-BA76-437A380B2A4A}.Game.Development|Win64.Build.0 = Game.Windows.Development|x64
		{8D621EB6-8672-4500-BA76-437A380B2A4A}.Game.Development|XboxOne.ActiveCfg = Game.XboxOne.Development|x64
		{8D621EB6-8672-4500-BA76-437A380B2A4A}.Game.Development|XboxOne.Build.0 = Game.XboxOne.Development|x64
		{8D621EB6-8672-4500-BA76-437A380B2A4A}.Game.Release|Any CPU.ActiveCfg = Editor.Windows.Debug|x64
		{8D621EB6-8672-4500-BA76-437A380B2A4A}.Game.Release|UWP_x64.ActiveCfg = Game.UWP.Release|x64
		{8D621EB6-8672-4500-BA76-437A380B2A4A}.Game.Release|UWP_x64.Build.0 = Game.UWP.Release|x64
		{8D621EB6-8672-4500-BA76-437A380B2A4A}.Game.Release|Win32.ActiveCfg = Game.Windows.Release|Win32
		{8D621EB6-8672-4500-BA76-437A380B2A4A}.Game.Release|Win32.Build.0 = Game.Windows.Release|Win32
		{8D621EB6-8672-4500-BA76-437A380B2A4A}.Game.Release|Win64.ActiveCfg = Game.Windows.Release|x64
		{8D621EB6-8672-4500-BA76-437A380B2A4A}.Game.Release|Win64.Build.0 = Game.Windows.Release|x64
		{8D621EB6-8672-4500-BA76-437A380B2A4A}.Game.Release|XboxOne.ActiveCfg = Game.XboxOne.Release|x64
		{8D621EB6-8672-4500-BA76-437A380B2A4A}.Game.Release|XboxOne.Build.0 = Game.XboxOne.Release|x64
		{2EC490F9-A054-4712-9639-6BB541DB17D0}.Debug|Any CPU.ActiveCfg = Editor.Windows.Debug|x64
		{2EC490F9-A054-4712-9639-6BB541DB17D0}.Debug|UWP_x64.ActiveCfg = Game.UWP.Debug|x64
		{2EC490F9-A054-4712-9639-6BB541DB17D0}.Debug|Win32.ActiveCfg = Game.Windows.Debug|Win32
		{2EC490F9-A054-4712-9639-6BB541DB17D0}.Debug|Win64.ActiveCfg = Editor.Windows.Debug|x64
		{2EC490F9-A054-4712-9639-6BB541DB17D0}.Debug|XboxOne.ActiveCfg = Game.XboxOne.Debug|x64
		{2EC490F9-A054-4712-9639-6BB541DB17D0}.Editor.Debug|Any CPU.ActiveCfg = Editor.Windows.Debug|x64
		{2EC490F9-A054-4712-9639-6BB541DB17D0}.Editor.Debug|UWP_x64.ActiveCfg = Game.UWP.Debug|x64
		{2EC490F9-A054-4712-9639-6BB541DB17D0}.Editor.Debug|Win32.ActiveCfg = Game.Windows.Debug|Win32
		{2EC490F9-A054-4712-9639-6BB541DB17D0}.Editor.Debug|Win64.ActiveCfg = Editor.Windows.Debug|x64
		{2EC490F9-A054-4712-9639-6BB541DB17D0}.Editor.Debug|XboxOne.ActiveCfg = Game.XboxOne.Debug|x64
		{2EC490F9-A054-4712-9639-6BB541DB17D0}.Editor.Development|Any CPU.ActiveCfg = Editor.Windows.Debug|x64
		{2EC490F9-A054-4712-9639-6BB541DB17D0}.Editor.Development|UWP_x64.ActiveCfg = Game.UWP.Debug|x64
		{2EC490F9-A054-4712-9639-6BB541DB17D0}.Editor.Development|Win32.ActiveCfg = Game.Windows.Debug|Win32
		{2EC490F9-A054-4712-9639-6BB541DB17D0}.Editor.Development|Win64.ActiveCfg = Editor.Windows.Development|x64
		{2EC490F9-A054-4712-9639-6BB541DB17D0}.Editor.Development|XboxOne.ActiveCfg = Game.XboxOne.Debug|x64
		{2EC490F9-A054-4712-9639-6BB541DB17D0}.Editor.Release|Any CPU.ActiveCfg = Editor.Windows.Debug|x64
		{2EC490F9-A054-4712-9639-6BB541DB17D0}.Editor.Release|UWP_x64.ActiveCfg = Game.UWP.Debug|x64
		{2EC490F9-A054-4712-9639-6BB541DB17D0}.Editor.Release|Win32.ActiveCfg = Game.Windows.Debug|Win32
		{2EC490F9-A054-4712-9639-6BB541DB17D0}.Editor.Release|Win64.ActiveCfg = Editor.Windows.Release|x64
		{2EC490F9-A054-4712-9639-6BB541DB17D0}.Editor.Release|XboxOne.ActiveCfg = Game.XboxOne.Debug|x64
		{2EC490F9-A054-4712-9639-6BB541DB17D0}.Game.Debug|Any CPU.ActiveCfg = Editor.Windows.Debug|x64
		{2EC490F9-A054-4712-9639-6BB541DB17D0}.Game.Debug|UWP_x64.ActiveCfg = Game.UWP.Debug|x64
		{2EC490F9-A054-4712-9639-6BB541DB17D0}.Game.Debug|Win32.ActiveCfg = Game.Windows.Debug|Win32
		{2EC490F9-A054-4712-9639-6BB541DB17D0}.Game.Debug|Win64.ActiveCfg = Game.Windows.Debug|x64
		{2EC490F9-A054-4712-9639-6BB541DB17D0}.Game.Debug|XboxOne.ActiveCfg = Game.XboxOne.Debug|x64
		{2EC490F9-A054-4712-9639-6BB541DB17D0}.Game.Development|Any CPU.ActiveCfg = Editor.Windows.Debug|x64
		{2EC490F9-A054-4712-9639-6BB541DB17D0}.Game.Development|UWP_x64.ActiveCfg = Game.UWP.Development|x64
		{2EC490F9-A054-4712-9639-6BB541DB17D0}.Game.Development|Win32.ActiveCfg = Game.Windows.Development|Win32
		{2EC490F9-A054-4712-9639-6BB541DB17D0}.Game.Development|Win64.ActiveCfg = Game.Windows.Development|x64
		{2EC490F9-A054-4712-9639-6BB541DB17D0}.Game.Development|XboxOne.ActiveCfg = Game.XboxOne.Development|x64
		{2EC490F9-A054-4712-9639-6BB541DB17D0}.Game.Release|Any CPU.ActiveCfg = Editor.Windows.Debug|x64
		{2EC490F9-A054-4712-9639-6BB541DB17D0}.Game.Release|UWP_x64.ActiveCfg = Game.UWP.Release|x64
		{2EC490F9-A054-4712-9639-6BB541DB17D0}.Game.Release|Win32.ActiveCfg = Game.Windows.Release|Win32
		{2EC490F9-A054-4712-9639-6BB541DB17D0}.Game.Release|Win64.ActiveCfg = Game.Windows.Release|x64
		{2EC490F9-A054-4712-9639-6BB541DB17D0}.Game.Release|XboxOne.ActiveCfg = Game.XboxOne.Release|x64
		{A4AB2BC3-C579-49B8-B33A-C5495BA49E93}.Debug|Any CPU.ActiveCfg = Editor.Windows.Debug|x64
		{A4AB2BC3-C579-49B8-B33A-C5495BA49E93}.Debug|UWP_x64.ActiveCfg = Game.UWP.Debug|x64
		{A4AB2BC3-C579-49B8-B33A-C5495BA49E93}.Debug|Win32.ActiveCfg = Game.Windows.Debug|Win32
		{A4AB2BC3-C579-49B8-B33A-C5495BA49E93}.Debug|Win64.ActiveCfg = Editor.Windows.Debug|x64
		{A4AB2BC3-C579-49B8-B33A-C5495BA49E93}.Debug|XboxOne.ActiveCfg = Game.XboxOne.Debug|x64
		{A4AB2BC3-C579-49B8-B33A-C5495BA49E93}.Editor.Debug|Any CPU.ActiveCfg = Editor.Windows.Debug|x64
		{A4AB2BC3-C579-49B8-B33A-C5495BA49E93}.Editor.Debug|UWP_x64.ActiveCfg = Game.UWP.Debug|x64
		{A4AB2BC3-C579-49B8-B33A-C5495BA49E93}.Editor.Debug|Win32.ActiveCfg = Game.Windows.Debug|Win32
		{A4AB2BC3-C579-49B8-B33A-C5495BA49E93}.Editor.Debug|Win64.ActiveCfg = Editor.Windows.Debug|x64
		{A4AB2BC3-C579-49B8-B33A-C5495BA49E93}.Editor.Debug|XboxOne.ActiveCfg = Game.XboxOne.Debug|x64
		{A4AB2BC3-C579-49B8-B33A-C5495BA49E93}.Editor.Development|Any CPU.ActiveCfg = Editor.Windows.Debug|x64
		{A4AB2BC3-C579-49B8-B33A-C5495BA49E93}.Editor.Development|UWP_x64.ActiveCfg = Game.UWP.Debug|x64
		{A4AB2BC3-C579-49B8-B33A-C5495BA49E93}.Editor.Development|Win32.ActiveCfg = Game.Windows.Debug|Win32
		{A4AB2BC3-C579-49B8-B33A-C5495BA49E93}.Editor.Development|Win64.ActiveCfg = Editor.Windows.Development|x64
		{A4AB2BC3-C579-49B8-B33A-C5495BA49E93}.Editor.Development|XboxOne.ActiveCfg = Game.XboxOne.Debug|x64
		{A4AB2BC3-C579-49B8-B33A-C5495BA49E93}.Editor.Release|Any CPU.ActiveCfg = Editor.Windows.Debug|x64
		{A4AB2BC3-C579-49B8-B33A-C5495BA49E93}.Editor.Release|UWP_x64.ActiveCfg = Game.UWP.Debug|x64
		{A4AB2BC3-C579-49B8-B33A-C5495BA49E93}.Editor.Release|Win32.ActiveCfg = Game.Windows.Debug|Win32
		{A4AB2BC3-C579-49B8-B33A-C5495BA49E93}.Editor.Release|Win64.ActiveCfg = Editor.Windows.Release|x64
		{A4AB2BC3-C579-49B8-B33A-C5495BA49E93}.Editor.Release|XboxOne.ActiveCfg = Game.XboxOne.Debug|x64
		{A4AB2BC3-C579-49B8-B33A-C5495BA49E93}.Game.Debug|Any CPU.ActiveCfg = Editor.Windows.Debug|x64
		{A4AB2BC3-C579-49B8-B33A-C5495BA49E93}.Game.Debug|UWP_x64.ActiveCfg = Game.UWP.Debug|x64
		{A4AB2BC3-C579-49B8-B33A-C5495BA49E93}.Game.Debug|Win32.ActiveCfg = Game.Windows.Debug|Win32
		{A4AB2BC3-C579-49B8-B33A-C5495BA49E93}.Game.Debug|Win64.ActiveCfg = Game.Windows.Debug|x64
		{A4AB2BC3-C579-49B8-B33A-C5495BA49E93}.Game.Debug|XboxOne.ActiveCfg = Game.XboxOne.Debug|x64
		{A4AB2BC3-C579-49B8-B33A-C5495BA49E93}.Game.Development|Any CPU.ActiveCfg = Editor.Windows.Debug|x64
		{A4AB2BC3-C579-49B8-B33A-C5495BA49E93}.Game.Development|UWP_x64.ActiveCfg = Game.UWP.Development|x64
		{A4AB2BC3-C579-49B8-B33A-C5495BA49E93}.Game.Development|Win32.ActiveCfg = Game.Windows.Development|Win32
		{A4AB2BC3-C579-49B8-B33A-C5495BA49E93}.Game.Development|Win64.ActiveCfg = Game.Windows.Development|x64
		{A4AB2BC3-C579-49B8-B33A-C5495BA49E93}.Game.Development|XboxOne.ActiveCfg = Game.XboxOne.Development|x64
		{A4AB2BC3-C579-49B8-B33A-C5495BA49E93}.Game.Release|Any CPU.ActiveCfg = Editor.Windows.Debug|x64
		{A4AB2BC3-C579-49B8-B33A-C5495BA49E93}.Game.Release|UWP_x64.ActiveCfg = Game.UWP.Release|x64
		{A4AB2BC3-C579-49B8-B33A-C5495BA49E93}.Game.Release|Win32.ActiveCfg = Game.Windows.Release|Win32
		{A4AB2BC3-C579-49B8-B33A-C5495BA49E93}.Game.Release|Win64.ActiveCfg = Game.Windows.Release|x64
		{A4AB2BC3-C579-49B8-B33A-C5495BA49E93}.Game.Release|XboxOne.ActiveCfg = Game.XboxOne.Release|x64
		{DE6FEA6B-0786-4B97-9BAF-D56C2526F77F}.Debug|Any CPU.ActiveCfg = Debug|Any CPU
		{DE6FEA6B-0786-4B97-9BAF-D56C2526F77F}.Debug|UWP_x64.ActiveCfg = Debug|Any CPU
		{DE6FEA6B-0786-4B97-9BAF-D56C2526F77F}.Debug|Win32.ActiveCfg = Debug|Any CPU
		{DE6FEA6B-0786-4B97-9BAF-D56C2526F77F}.Debug|Win64.ActiveCfg = Debug|Any CPU
		{DE6FEA6B-0786-4B97-9BAF-D56C2526F77F}.Debug|XboxOne.ActiveCfg = Debug|Any CPU
		{DE6FEA6B-0786-4B97-9BAF-D56C2526F77F}.Editor.Debug|Any CPU.ActiveCfg = Debug|Any CPU
		{DE6FEA6B-0786-4B97-9BAF-D56C2526F77F}.Editor.Debug|UWP_x64.ActiveCfg = Debug|Any CPU
		{DE6FEA6B-0786-4B97-9BAF-D56C2526F77F}.Editor.Debug|Win32.ActiveCfg = Debug|Any CPU
		{DE6FEA6B-0786-4B97-9BAF-D56C2526F77F}.Editor.Debug|Win64.ActiveCfg = Debug|Any CPU
		{DE6FEA6B-0786-4B97-9BAF-D56C2526F77F}.Editor.Debug|XboxOne.ActiveCfg = Debug|Any CPU
		{DE6FEA6B-0786-4B97-9BAF-D56C2526F77F}.Editor.Development|Any CPU.ActiveCfg = Debug|Any CPU
		{DE6FEA6B-0786-4B97-9BAF-D56C2526F77F}.Editor.Development|UWP_x64.ActiveCfg = Debug|Any CPU
		{DE6FEA6B-0786-4B97-9BAF-D56C2526F77F}.Editor.Development|Win32.ActiveCfg = Debug|Any CPU
		{DE6FEA6B-0786-4B97-9BAF-D56C2526F77F}.Editor.Development|Win64.ActiveCfg = Debug|Any CPU
		{DE6FEA6B-0786-4B97-9BAF-D56C2526F77F}.Editor.Development|XboxOne.ActiveCfg = Debug|Any CPU
		{DE6FEA6B-0786-4B97-9BAF-D56C2526F77F}.Editor.Release|Any CPU.ActiveCfg = Debug|Any CPU
		{DE6FEA6B-0786-4B97-9BAF-D56C2526F77F}.Editor.Release|UWP_x64.ActiveCfg = Debug|Any CPU
		{DE6FEA6B-0786-4B97-9BAF-D56C2526F77F}.Editor.Release|Win32.ActiveCfg = Debug|Any CPU
		{DE6FEA6B-0786-4B97-9BAF-D56C2526F77F}.Editor.Release|Win64.ActiveCfg = Debug|Any CPU
		{DE6FEA6B-0786-4B97-9BAF-D56C2526F77F}.Editor.Release|XboxOne.ActiveCfg = Debug|Any CPU
		{DE6FEA6B-0786-4B97-9BAF-D56C2526F77F}.Game.Debug|Any CPU.ActiveCfg = Debug|Any CPU
		{DE6FEA6B-0786-4B97-9BAF-D56C2526F77F}.Game.Debug|UWP_x64.ActiveCfg = Debug|Any CPU
		{DE6FEA6B-0786-4B97-9BAF-D56C2526F77F}.Game.Debug|Win32.ActiveCfg = Debug|Any CPU
		{DE6FEA6B-0786-4B97-9BAF-D56C2526F77F}.Game.Debug|Win64.ActiveCfg = Debug|Any CPU
		{DE6FEA6B-0786-4B97-9BAF-D56C2526F77F}.Game.Debug|XboxOne.ActiveCfg = Debug|Any CPU
		{DE6FEA6B-0786-4B97-9BAF-D56C2526F77F}.Game.Development|Any CPU.ActiveCfg = Debug|Any CPU
		{DE6FEA6B-0786-4B97-9BAF-D56C2526F77F}.Game.Development|UWP_x64.ActiveCfg = Debug|Any CPU
		{DE6FEA6B-0786-4B97-9BAF-D56C2526F77F}.Game.Development|Win32.ActiveCfg = Debug|Any CPU
		{DE6FEA6B-0786-4B97-9BAF-D56C2526F77F}.Game.Development|Win64.ActiveCfg = Debug|Any CPU
		{DE6FEA6B-0786-4B97-9BAF-D56C2526F77F}.Game.Development|XboxOne.ActiveCfg = Debug|Any CPU
		{DE6FEA6B-0786-4B97-9BAF-D56C2526F77F}.Game.Release|Any CPU.ActiveCfg = Debug|Any CPU
		{DE6FEA6B-0786-4B97-9BAF-D56C2526F77F}.Game.Release|UWP_x64.ActiveCfg = Debug|Any CPU
		{DE6FEA6B-0786-4B97-9BAF-D56C2526F77F}.Game.Release|Win32.ActiveCfg = Debug|Any CPU
		{DE6FEA6B-0786-4B97-9BAF-D56C2526F77F}.Game.Release|Win64.ActiveCfg = Debug|Any CPU
		{DE6FEA6B-0786-4B97-9BAF-D56C2526F77F}.Game.Release|XboxOne.ActiveCfg = Debug|Any CPU
	EndGlobalSection
	GlobalSection(SolutionProperties) = preSolution
		HideSolutionNode = FALSE
	EndGlobalSection
	GlobalSection(NestedProjects) = preSolution
		{A4AB2BC3-C579-49B8-B33A-C5495BA49E93} = {51585317-C076-4ECF-ADF1-60F47C4342FB}
	EndGlobalSection
	GlobalSection(ExtensibilityGlobals) = postSolution
		SolutionGuid = {93CC287A-0BB0-4EFC-A471-30ABD6A71A3B}
	EndGlobalSection
EndGlobal
